
Microsoft Visual Studio Solution File, Format Version 12.00
# Visual Studio Version 16
VisualStudioVersion = 16.0.29009.5
MinimumVisualStudioVersion = 10.0.40219.1
Project("{FAE04EC0-301F-11D3-BF4B-00C04F79EFBC}") = "SeaSkyPresentation", "ShipPresentation\SeaSkyPresentation.csproj", "{C3FECF07-8791-4C4B-A832-954A9D58B706}"
EndProject
Project("{2150E333-8FDC-42A3-9474-1A3956D46DE8}") = "SeaSkyPresentation Layer", "SeaSkyPresentation Layer", "{2116796C-90B6-409E-9A62-53A661012F41}"
EndProject
Project("{2150E333-8FDC-42A3-9474-1A3956D46DE8}") = "SeaSkyStartup", "SeaSkyStartup", "{7A57D084-B2BE-4B93-B29F-EFC4F17B4AC1}"
EndProject
Project("{FAE04EC0-301F-11D3-BF4B-00C04F79EFBC}") = "Startup Layer", "Startup Layer\Startup Layer.csproj", "{9F59B4D9-D45B-4139-A95B-C56E0E3AE8B5}"
EndProject
Project("{FAE04EC0-301F-11D3-BF4B-00C04F79EFBC}") = "FlightLogic", "FlightLogic\FlightLogic.csproj", "{F1AE86A6-CFFC-408C-B053-A364F23F5DA6}"
EndProject
Project("{FAE04EC0-301F-11D3-BF4B-00C04F79EFBC}") = "SeaSky_DB", "SeaSky_DB\SeaSky_DB.csproj", "{52C4E13F-6028-4A0C-909C-ED007CA3268A}"
EndProject
Project("{FAE04EC0-301F-11D3-BF4B-00C04F79EFBC}") = "ShipLogic", "ShipLogic\ShipLogic.csproj", "{1DEFA098-E562-483D-AAEC-0D7F9DA4583B}"
EndProject
Project("{2150E333-8FDC-42A3-9474-1A3956D46DE8}") = "ShipLogic Layer", "ShipLogic Layer", "{CEAF854A-B3E1-444E-89EE-1DABCBD2FFBA}"
EndProject
Project("{2150E333-8FDC-42A3-9474-1A3956D46DE8}") = "FlightLogic Layer", "FlightLogic Layer", "{BFDD5F2F-BC8A-433C-BFF6-19A4C8096716}"
EndProject
Project("{2150E333-8FDC-42A3-9474-1A3956D46DE8}") = "SeaSkyData Layer", "SeaSkyData Layer", "{ACF895A0-AB30-461B-97D7-5FD3CEF8DAE7}"
EndProject
Project("{2150E333-8FDC-42A3-9474-1A3956D46DE8}") = "Tests", "Tests", "{C2B6C0E1-20CE-4AAF-B116-F155A2A9C85B}"
EndProject
Project("{9A19103F-16F7-4668-BE54-9A1E7A4F7556}") = "FlightLogic_Test", "FlightLogic_Test\FlightLogic_Test.csproj", "{B2E4CB6D-2CC9-479C-AE3C-5D65576F45DF}"
EndProject
Project("{9A19103F-16F7-4668-BE54-9A1E7A4F7556}") = "SeaSky_DB_Test", "SeaSky_DB_Test\SeaSky_DB_Test.csproj", "{008D1EA4-546E-4BDF-8031-1CAFB9643BB9}"
EndProject
Project("{9A19103F-16F7-4668-BE54-9A1E7A4F7556}") = "ShipLogicTest", "ShipLogicTest\ShipLogicTest.csproj", "{643AE804-E771-41E4-AE56-650D0A4E6339}"
EndProject
Global
	GlobalSection(SolutionConfigurationPlatforms) = preSolution
		Debug|Any CPU = Debug|Any CPU
		Release|Any CPU = Release|Any CPU
	EndGlobalSection
	GlobalSection(ProjectConfigurationPlatforms) = postSolution
		{C3FECF07-8791-4C4B-A832-954A9D58B706}.Debug|Any CPU.ActiveCfg = Debug|Any CPU
		{C3FECF07-8791-4C4B-A832-954A9D58B706}.Debug|Any CPU.Build.0 = Debug|Any CPU
		{C3FECF07-8791-4C4B-A832-954A9D58B706}.Release|Any CPU.ActiveCfg = Release|Any CPU
		{C3FECF07-8791-4C4B-A832-954A9D58B706}.Release|Any CPU.Build.0 = Release|Any CPU
		{9F59B4D9-D45B-4139-A95B-C56E0E3AE8B5}.Debug|Any CPU.ActiveCfg = Debug|Any CPU
		{9F59B4D9-D45B-4139-A95B-C56E0E3AE8B5}.Debug|Any CPU.Build.0 = Debug|Any CPU
		{9F59B4D9-D45B-4139-A95B-C56E0E3AE8B5}.Release|Any CPU.ActiveCfg = Release|Any CPU
		{9F59B4D9-D45B-4139-A95B-C56E0E3AE8B5}.Release|Any CPU.Build.0 = Release|Any CPU
		{F1AE86A6-CFFC-408C-B053-A364F23F5DA6}.Debug|Any CPU.ActiveCfg = Debug|Any CPU
		{F1AE86A6-CFFC-408C-B053-A364F23F5DA6}.Debug|Any CPU.Build.0 = Debug|Any CPU
		{F1AE86A6-CFFC-408C-B053-A364F23F5DA6}.Release|Any CPU.ActiveCfg = Release|Any CPU
		{F1AE86A6-CFFC-408C-B053-A364F23F5DA6}.Release|Any CPU.Build.0 = Release|Any CPU
		{52C4E13F-6028-4A0C-909C-ED007CA3268A}.Debug|Any CPU.ActiveCfg = Debug|Any CPU
		{52C4E13F-6028-4A0C-909C-ED007CA3268A}.Debug|Any CPU.Build.0 = Debug|Any CPU
		{52C4E13F-6028-4A0C-909C-ED007CA3268A}.Release|Any CPU.ActiveCfg = Release|Any CPU
		{52C4E13F-6028-4A0C-909C-ED007CA3268A}.Release|Any CPU.Build.0 = Release|Any CPU
		{1DEFA098-E562-483D-AAEC-0D7F9DA4583B}.Debug|Any CPU.ActiveCfg = Debug|Any CPU
		{1DEFA098-E562-483D-AAEC-0D7F9DA4583B}.Debug|Any CPU.Build.0 = Debug|Any CPU
		{1DEFA098-E562-483D-AAEC-0D7F9DA4583B}.Release|Any CPU.ActiveCfg = Release|Any CPU
		{1DEFA098-E562-483D-AAEC-0D7F9DA4583B}.Release|Any CPU.Build.0 = Release|Any CPU
		{B2E4CB6D-2CC9-479C-AE3C-5D65576F45DF}.Debug|Any CPU.ActiveCfg = Debug|Any CPU
		{B2E4CB6D-2CC9-479C-AE3C-5D65576F45DF}.Debug|Any CPU.Build.0 = Debug|Any CPU
		{B2E4CB6D-2CC9-479C-AE3C-5D65576F45DF}.Release|Any CPU.ActiveCfg = Release|Any CPU
		{B2E4CB6D-2CC9-479C-AE3C-5D65576F45DF}.Release|Any CPU.Build.0 = Release|Any CPU
		{008D1EA4-546E-4BDF-8031-1CAFB9643BB9}.Debug|Any CPU.ActiveCfg = Debug|Any CPU
		{008D1EA4-546E-4BDF-8031-1CAFB9643BB9}.Debug|Any CPU.Build.0 = Debug|Any CPU
		{008D1EA4-546E-4BDF-8031-1CAFB9643BB9}.Release|Any CPU.ActiveCfg = Release|Any CPU
		{008D1EA4-546E-4BDF-8031-1CAFB9643BB9}.Release|Any CPU.Build.0 = Release|Any CPU
		{643AE804-E771-41E4-AE56-650D0A4E6339}.Debug|Any CPU.ActiveCfg = Debug|Any CPU
		{643AE804-E771-41E4-AE56-650D0A4E6339}.Debug|Any CPU.Build.0 = Debug|Any CPU
		{643AE804-E771-41E4-AE56-650D0A4E6339}.Release|Any CPU.ActiveCfg = Release|Any CPU
		{643AE804-E771-41E4-AE56-650D0A4E6339}.Release|Any CPU.Build.0 = Release|Any CPU
	EndGlobalSection
	GlobalSection(SolutionProperties) = preSolution
		HideSolutionNode = FALSE
	EndGlobalSection
	GlobalSection(NestedProjects) = preSolution
		{C3FECF07-8791-4C4B-A832-954A9D58B706} = {2116796C-90B6-409E-9A62-53A661012F41}
		{9F59B4D9-D45B-4139-A95B-C56E0E3AE8B5} = {7A57D084-B2BE-4B93-B29F-EFC4F17B4AC1}
		{F1AE86A6-CFFC-408C-B053-A364F23F5DA6} = {BFDD5F2F-BC8A-433C-BFF6-19A4C8096716}
		{52C4E13F-6028-4A0C-909C-ED007CA3268A} = {ACF895A0-AB30-461B-97D7-5FD3CEF8DAE7}
		{1DEFA098-E562-483D-AAEC-0D7F9DA4583B} = {CEAF854A-B3E1-444E-89EE-1DABCBD2FFBA}
		{B2E4CB6D-2CC9-479C-AE3C-5D65576F45DF} = {C2B6C0E1-20CE-4AAF-B116-F155A2A9C85B}
		{008D1EA4-546E-4BDF-8031-1CAFB9643BB9} = {C2B6C0E1-20CE-4AAF-B116-F155A2A9C85B}
		{643AE804-E771-41E4-AE56-650D0A4E6339} = {C2B6C0E1-20CE-4AAF-B116-F155A2A9C85B}
	EndGlobalSection
	GlobalSection(ExtensibilityGlobals) = postSolution
		SolutionGuid = {E0D096A0-C643-4DD2-8BED-1C64F9EF65EE}
	EndGlobalSection
EndGlobal
